
Microsoft Visual Studio Solution File, Format Version 12.00
# Visual Studio 14
VisualStudioVersion = 14.0.23107.0
MinimumVisualStudioVersion = 10.0.40219.1
Project("{FAE04EC0-301F-11D3-BF4B-00C04F79EFBC}") = "TimeTag", "TimeTag\TimeTag.csproj", "{D1E279A5-1ADC-4E77-8686-F05B110653CE}"
EndProject
Project("{6141683F-8A12-4E36-9623-2EB02B2C2303}") = "Installer", "Installer\Installer.isproj", "{AAC1AB0A-D747-4DD1-96F7-33575C85A493}"
	ProjectSection(ProjectDependencies) = postProject
		{D1E279A5-1ADC-4E77-8686-F05B110653CE} = {D1E279A5-1ADC-4E77-8686-F05B110653CE}
	EndProjectSection
EndProject
Project("{54435603-DBB4-11D2-8724-00A0C9A8B90C}") = "TimeTag.Install", "TimeTag.Install\TimeTag.Install.vdproj", "{52BB6E3B-1A47-4034-8AA6-34F207E69EFA}"
EndProject
Global
	GlobalSection(SolutionConfigurationPlatforms) = preSolution
		CD_ROM|x86 = CD_ROM|x86
		Debug|x86 = Debug|x86
		DVD-5|x86 = DVD-5|x86
		Release|x86 = Release|x86
		SingleImage|x86 = SingleImage|x86
	EndGlobalSection
	GlobalSection(ProjectConfigurationPlatforms) = postSolution
		{D1E279A5-1ADC-4E77-8686-F05B110653CE}.CD_ROM|x86.ActiveCfg = Release|x86
		{D1E279A5-1ADC-4E77-8686-F05B110653CE}.CD_ROM|x86.Build.0 = Release|x86
		{D1E279A5-1ADC-4E77-8686-F05B110653CE}.Debug|x86.ActiveCfg = Debug|x86
		{D1E279A5-1ADC-4E77-8686-F05B110653CE}.Debug|x86.Build.0 = Debug|x86
		{D1E279A5-1ADC-4E77-8686-F05B110653CE}.DVD-5|x86.ActiveCfg = Debug|x86
		{D1E279A5-1ADC-4E77-8686-F05B110653CE}.DVD-5|x86.Build.0 = Debug|x86
		{D1E279A5-1ADC-4E77-8686-F05B110653CE}.Release|x86.ActiveCfg = Release|x86
		{D1E279A5-1ADC-4E77-8686-F05B110653CE}.Release|x86.Build.0 = Release|x86
		{D1E279A5-1ADC-4E77-8686-F05B110653CE}.SingleImage|x86.ActiveCfg = Release|x86
		{D1E279A5-1ADC-4E77-8686-F05B110653CE}.SingleImage|x86.Build.0 = Release|x86
		{AAC1AB0A-D747-4DD1-96F7-33575C85A493}.CD_ROM|x86.ActiveCfg = CD_ROM
		{AAC1AB0A-D747-4DD1-96F7-33575C85A493}.CD_ROM|x86.Build.0 = CD_ROM
		{AAC1AB0A-D747-4DD1-96F7-33575C85A493}.Debug|x86.ActiveCfg = DVD-5
		{AAC1AB0A-D747-4DD1-96F7-33575C85A493}.Debug|x86.Build.0 = DVD-5
		{AAC1AB0A-D747-4DD1-96F7-33575C85A493}.DVD-5|x86.ActiveCfg = DVD-5
		{AAC1AB0A-D747-4DD1-96F7-33575C85A493}.DVD-5|x86.Build.0 = DVD-5
		{AAC1AB0A-D747-4DD1-96F7-33575C85A493}.Release|x86.ActiveCfg = SingleImage
		{AAC1AB0A-D747-4DD1-96F7-33575C85A493}.Release|x86.Build.0 = SingleImage
		{AAC1AB0A-D747-4DD1-96F7-33575C85A493}.SingleImage|x86.ActiveCfg = SingleImage
		{AAC1AB0A-D747-4DD1-96F7-33575C85A493}.SingleImage|x86.Build.0 = SingleImage
		{52BB6E3B-1A47-4034-8AA6-34F207E69EFA}.CD_ROM|x86.ActiveCfg = Release
		{52BB6E3B-1A47-4034-8AA6-34F207E69EFA}.Debug|x86.ActiveCfg = Debug
		{52BB6E3B-1A47-4034-8AA6-34F207E69EFA}.Debug|x86.Deploy.0 = Debug
		{52BB6E3B-1A47-4034-8AA6-34F207E69EFA}.DVD-5|x86.ActiveCfg = Debug
		{52BB6E3B-1A47-4034-8AA6-34F207E69EFA}.Release|x86.ActiveCfg = Release
		{52BB6E3B-1A47-4034-8AA6-34F207E69EFA}.SingleImage|x86.ActiveCfg = Release
	EndGlobalSection
	GlobalSection(SolutionProperties) = preSolution
		HideSolutionNode = FALSE
	EndGlobalSection
EndGlobal
